
Microsoft Visual Studio Solution File, Format Version 12.00
# Visual Studio Version 16
VisualStudioVersion = 16.0.31424.327
MinimumVisualStudioVersion = 10.0.40219.1
Project("{9A19103F-16F7-4668-BE54-9A1E7A4F7556}") = "ArrayHelper", "ArrayHelper.csproj", "{0AD27A9C-EF5A-4A2A-86C6-BE842EA9FE09}"
EndProject
Project("{9A19103F-16F7-4668-BE54-9A1E7A4F7556}") = "M01_Console", "..\M01_Console\M01_Console.csproj", "{1BC67922-2B9E-486E-8248-EF7293DB54DD}"
EndProject
Project("{9A19103F-16F7-4668-BE54-9A1E7A4F7556}") = "RectangleHelper", "..\RectangleHelper\RectangleHelper.csproj", "{B5E8AAA0-425B-4E80-9C22-8AB941BE849F}"
EndProject
Project("{FAE04EC0-301F-11D3-BF4B-00C04F79EFBC}") = "RectangleHelperTests1", "..\RectangleHelperTests1\RectangleHelperTests1.csproj", "{3B4EE998-E19B-426B-9332-C0955FFE1A4B}"
EndProject
Global
	GlobalSection(SolutionConfigurationPlatforms) = preSolution
		Debug|Any CPU = Debug|Any CPU
		Release|Any CPU = Release|Any CPU
	EndGlobalSection
	GlobalSection(ProjectConfigurationPlatforms) = postSolution
		{0AD27A9C-EF5A-4A2A-86C6-BE842EA9FE09}.Debug|Any CPU.ActiveCfg = Debug|Any CPU
		{0AD27A9C-EF5A-4A2A-86C6-BE842EA9FE09}.Debug|Any CPU.Build.0 = Debug|Any CPU
		{0AD27A9C-EF5A-4A2A-86C6-BE842EA9FE09}.Release|Any CPU.ActiveCfg = Release|Any CPU
		{0AD27A9C-EF5A-4A2A-86C6-BE842EA9FE09}.Release|Any CPU.Build.0 = Release|Any CPU
		{1BC67922-2B9E-486E-8248-EF7293DB54DD}.Debug|Any CPU.ActiveCfg = Debug|Any CPU
		{1BC67922-2B9E-486E-8248-EF7293DB54DD}.Debug|Any CPU.Build.0 = Debug|Any CPU
		{1BC67922-2B9E-486E-8248-EF7293DB54DD}.Release|Any CPU.ActiveCfg = Release|Any CPU
		{1BC67922-2B9E-486E-8248-EF7293DB54DD}.Release|Any CPU.Build.0 = Release|Any CPU
		{B5E8AAA0-425B-4E80-9C22-8AB941BE849F}.Debug|Any CPU.ActiveCfg = Debug|Any CPU
		{B5E8AAA0-425B-4E80-9C22-8AB941BE849F}.Debug|Any CPU.Build.0 = Debug|Any CPU
		{B5E8AAA0-425B-4E80-9C22-8AB941BE849F}.Release|Any CPU.ActiveCfg = Release|Any CPU
		{B5E8AAA0-425B-4E80-9C22-8AB941BE849F}.Release|Any CPU.Build.0 = Release|Any CPU
		{3B4EE998-E19B-426B-9332-C0955FFE1A4B}.Debug|Any CPU.ActiveCfg = Debug|Any CPU
		{3B4EE998-E19B-426B-9332-C0955FFE1A4B}.Debug|Any CPU.Build.0 = Debug|Any CPU
		{3B4EE998-E19B-426B-9332-C0955FFE1A4B}.Release|Any CPU.ActiveCfg = Release|Any CPU
		{3B4EE998-E19B-426B-9332-C0955FFE1A4B}.Release|Any CPU.Build.0 = Release|Any CPU
	EndGlobalSection
	GlobalSection(SolutionProperties) = preSolution
		HideSolutionNode = FALSE
	EndGlobalSection
	GlobalSection(ExtensibilityGlobals) = postSolution
		SolutionGuid = {209D684A-545E-4A8A-AA4A-A7AB7045AF00}
	EndGlobalSection
EndGlobal
